<?xml version="1.0" encoding="utf-8"?>
<Project ToolsVersion="4.0" xmlns="http://schemas.microsoft.com/developer/msbuild/2003">
  <ItemGroup>
    <Filter Include="Source Files">
      <UniqueIdentifier>{4FC737F1-C7A5-4376-A066-2A32D752A2FF}</UniqueIdentifier>
      <Extensions>cpp;c;cc;cxx;c++;def;odl;idl;hpj;bat;asm;asmx</Extensions>
    </Filter>
    <Filter Include="Proto">
      <UniqueIdentifier>{cd594bc1-350b-4ac3-bdfd-b308bff1985c}</UniqueIdentifier>
    </Filter>
    <Filter Include="ClassTest">
      <UniqueIdentifier>{3043a2d5-a15f-446e-884a-087e9d24452a}</UniqueIdentifier>
    </Filter>
    <Filter Include="MemoryPool">
      <UniqueIdentifier>{af59eac2-b33d-46f8-872f-b1cfdc677cfe}</UniqueIdentifier>
    </Filter>
  </ItemGroup>
  <ItemGroup>
    <ClCompile Include="main.cpp">
      <Filter>Source Files</Filter>
    </ClCompile>
    <ClCompile Include="..\..\Proto\build\c++\game.pb.cc">
      <Filter>Proto</Filter>
    </ClCompile>
    <ClCompile Include="classMain.cpp">
      <Filter>ClassTest</Filter>
    </ClCompile>
    <ClCompile Include="classUnit.cpp">
      <Filter>ClassTest</Filter>
    </ClCompile>
  </ItemGroup>
  <ItemGroup>
    <ClInclude Include="classMain.h">
      <Filter>ClassTest</Filter>
    </ClInclude>
    <ClInclude Include="classMainBase.h">
      <Filter>ClassTest</Filter>
    </ClInclude>
    <ClInclude Include="classUnit.h">
      <Filter>ClassTest</Filter>
    </ClInclude>
    <ClInclude Include="TW_MemoryPool.h">
      <Filter>MemoryPool</Filter>
    </ClInclude>
  </ItemGroup>
</Project>