
Microsoft Visual Studio Solution File, Format Version 12.00
# Visual Studio Version 16
VisualStudioVersion = 16.0.29721.120
MinimumVisualStudioVersion = 10.0.40219.1
Project("{8BC9CEB8-8B4A-11D0-8D11-00A0C91BC942}") = "BattleServer", "BattleServer\BattleServer.vcxproj", "{2E24956F-907C-4EAF-904E-64B19E27943A}"
EndProject
Project("{8BC9CEB8-8B4A-11D0-8D11-00A0C91BC942}") = "BattleHelper", "BattleHelper\BattleHelper.vcxproj", "{F8B6F6B7-1B88-4BE6-BEAE-5AEBF9C73650}"
EndProject
Project("{8BC9CEB8-8B4A-11D0-8D11-00A0C91BC942}") = "BattleLogic", "BattleLogic\BattleLogic.vcxproj", "{1F7F7D23-074D-4D40-9B32-21DD473BDA4D}"
EndProject
Project("{8BC9CEB8-8B4A-11D0-8D11-00A0C91BC942}") = "Table", "Table\Table.vcxproj", "{4ECA09B0-3FA6-4F88-A534-1412E15A5829}"
EndProject
Global
	GlobalSection(SolutionConfigurationPlatforms) = preSolution
		Debug|x64 = Debug|x64
		Debug|x86 = Debug|x86
		Release|x64 = Release|x64
		Release|x86 = Release|x86
	EndGlobalSection
	GlobalSection(ProjectConfigurationPlatforms) = postSolution
		{2E24956F-907C-4EAF-904E-64B19E27943A}.Debug|x64.ActiveCfg = Debug|x64
		{2E24956F-907C-4EAF-904E-64B19E27943A}.Debug|x64.Build.0 = Debug|x64
		{2E24956F-907C-4EAF-904E-64B19E27943A}.Debug|x86.ActiveCfg = Debug|Win32
		{2E24956F-907C-4EAF-904E-64B19E27943A}.Debug|x86.Build.0 = Debug|Win32
		{2E24956F-907C-4EAF-904E-64B19E27943A}.Release|x64.ActiveCfg = Release|x64
		{2E24956F-907C-4EAF-904E-64B19E27943A}.Release|x64.Build.0 = Release|x64
		{2E24956F-907C-4EAF-904E-64B19E27943A}.Release|x86.ActiveCfg = Release|Win32
		{2E24956F-907C-4EAF-904E-64B19E27943A}.Release|x86.Build.0 = Release|Win32
		{F8B6F6B7-1B88-4BE6-BEAE-5AEBF9C73650}.Debug|x64.ActiveCfg = Debug|x64
		{F8B6F6B7-1B88-4BE6-BEAE-5AEBF9C73650}.Debug|x64.Build.0 = Debug|x64
		{F8B6F6B7-1B88-4BE6-BEAE-5AEBF9C73650}.Debug|x86.ActiveCfg = Debug|Win32
		{F8B6F6B7-1B88-4BE6-BEAE-5AEBF9C73650}.Debug|x86.Build.0 = Debug|Win32
		{F8B6F6B7-1B88-4BE6-BEAE-5AEBF9C73650}.Release|x64.ActiveCfg = Release|x64
		{F8B6F6B7-1B88-4BE6-BEAE-5AEBF9C73650}.Release|x64.Build.0 = Release|x64
		{F8B6F6B7-1B88-4BE6-BEAE-5AEBF9C73650}.Release|x86.ActiveCfg = Release|Win32
		{F8B6F6B7-1B88-4BE6-BEAE-5AEBF9C73650}.Release|x86.Build.0 = Release|Win32
		{1F7F7D23-074D-4D40-9B32-21DD473BDA4D}.Debug|x64.ActiveCfg = Debug|x64
		{1F7F7D23-074D-4D40-9B32-21DD473BDA4D}.Debug|x64.Build.0 = Debug|x64
		{1F7F7D23-074D-4D40-9B32-21DD473BDA4D}.Debug|x86.ActiveCfg = Debug|Win32
		{1F7F7D23-074D-4D40-9B32-21DD473BDA4D}.Debug|x86.Build.0 = Debug|Win32
		{1F7F7D23-074D-4D40-9B32-21DD473BDA4D}.Release|x64.ActiveCfg = Release|x64
		{1F7F7D23-074D-4D40-9B32-21DD473BDA4D}.Release|x64.Build.0 = Release|x64
		{1F7F7D23-074D-4D40-9B32-21DD473BDA4D}.Release|x86.ActiveCfg = Release|Win32
		{1F7F7D23-074D-4D40-9B32-21DD473BDA4D}.Release|x86.Build.0 = Release|Win32
		{4ECA09B0-3FA6-4F88-A534-1412E15A5829}.Debug|x64.ActiveCfg = Debug|x64
		{4ECA09B0-3FA6-4F88-A534-1412E15A5829}.Debug|x64.Build.0 = Debug|x64
		{4ECA09B0-3FA6-4F88-A534-1412E15A5829}.Debug|x86.ActiveCfg = Debug|Win32
		{4ECA09B0-3FA6-4F88-A534-1412E15A5829}.Debug|x86.Build.0 = Debug|Win32
		{4ECA09B0-3FA6-4F88-A534-1412E15A5829}.Release|x64.ActiveCfg = Release|x64
		{4ECA09B0-3FA6-4F88-A534-1412E15A5829}.Release|x64.Build.0 = Release|x64
		{4ECA09B0-3FA6-4F88-A534-1412E15A5829}.Release|x86.ActiveCfg = Release|Win32
		{4ECA09B0-3FA6-4F88-A534-1412E15A5829}.Release|x86.Build.0 = Release|Win32
	EndGlobalSection
	GlobalSection(SolutionProperties) = preSolution
		HideSolutionNode = FALSE
	EndGlobalSection
	GlobalSection(ExtensibilityGlobals) = postSolution
		SolutionGuid = {852ED469-100E-4271-8FA4-E8E4FE4736D4}
	EndGlobalSection
EndGlobal
