<?xml version="1.0" encoding="utf-8"?>
<Project ToolsVersion="4.0" xmlns="http://schemas.microsoft.com/developer/msbuild/2003">
  <ItemGroup>
    <ClCompile Include="main.cpp" />
    <ClCompile Include="TW_Network.cpp">
      <Filter>Network</Filter>
    </ClCompile>
    <ClCompile Include="BattleLogic.cpp">
      <Filter>BattleLogic</Filter>
    </ClCompile>
    <ClCompile Include="..\..\Proto\build\c++\GameCommand.pb.cc">
      <Filter>protobuf</Filter>
    </ClCompile>
    <ClCompile Include="Tw_Users.cpp">
      <Filter>Users</Filter>
    </ClCompile>
  </ItemGroup>
  <ItemGroup>
    <Filter Include="Log">
      <UniqueIdentifier>{4857ce8c-263d-49fc-bee8-9a89eb69e0ea}</UniqueIdentifier>
    </Filter>
    <Filter Include="Network">
      <UniqueIdentifier>{5922c20a-0529-451b-9fa8-da8c85f52d44}</UniqueIdentifier>
    </Filter>
    <Filter Include="BattleLogic">
      <UniqueIdentifier>{f0dd04ba-1407-4c77-957e-42a88fe1f87d}</UniqueIdentifier>
    </Filter>
    <Filter Include="Utilities">
      <UniqueIdentifier>{e3563cd9-04e4-46db-9698-bfa54304d89f}</UniqueIdentifier>
    </Filter>
    <Filter Include="protobuf">
      <UniqueIdentifier>{74501d2f-7a93-425c-b577-d15df9a1a494}</UniqueIdentifier>
    </Filter>
    <Filter Include="Users">
      <UniqueIdentifier>{522b0c86-9788-4162-95c1-ed27fa55c5e7}</UniqueIdentifier>
    </Filter>
  </ItemGroup>
  <ItemGroup>
    <ClInclude Include="TW_GameLog.h">
      <Filter>Log</Filter>
    </ClInclude>
    <ClInclude Include="TW_Network.h">
      <Filter>Network</Filter>
    </ClInclude>
    <ClInclude Include="BattleLogic.h">
      <Filter>BattleLogic</Filter>
    </ClInclude>
    <ClInclude Include="Singleton.h">
      <Filter>Utilities</Filter>
    </ClInclude>
    <ClInclude Include="..\..\Proto\build\c++\GameCommand.pb.h">
      <Filter>protobuf</Filter>
    </ClInclude>
    <ClInclude Include="Tw_Users.h">
      <Filter>Users</Filter>
    </ClInclude>
  </ItemGroup>
</Project>