<?xml version="1.0" encoding="utf-8"?>
<Project ToolsVersion="4.0" xmlns="http://schemas.microsoft.com/developer/msbuild/2003">
  <ItemGroup>
    <ClCompile Include="main.cpp" />
  </ItemGroup>
  <ItemGroup>
    <Filter Include="Log">
      <UniqueIdentifier>{4857ce8c-263d-49fc-bee8-9a89eb69e0ea}</UniqueIdentifier>
    </Filter>
  </ItemGroup>
  <ItemGroup>
    <ClInclude Include="TW_GameLog.h">
      <Filter>Log</Filter>
    </ClInclude>
  </ItemGroup>
</Project>