<?xml version="1.0" encoding="utf-8"?>
<Project ToolsVersion="16.0" xmlns="http://schemas.microsoft.com/developer/msbuild/2003">
  <ItemGroup>
    <CustomBuild Include="D:\TaoReiches\Third Party\protobuf\builds\CMakeFiles\1b8bd3f9e1b356c5be8844ac9b71dcce\examples-mkdir.rule">
      <Filter>CMake Rules</Filter>
    </CustomBuild>
    <CustomBuild Include="D:\TaoReiches\Third Party\protobuf\builds\CMakeFiles\1b8bd3f9e1b356c5be8844ac9b71dcce\examples-download.rule">
      <Filter>CMake Rules</Filter>
    </CustomBuild>
    <CustomBuild Include="D:\TaoReiches\Third Party\protobuf\builds\CMakeFiles\1b8bd3f9e1b356c5be8844ac9b71dcce\examples-update.rule">
      <Filter>CMake Rules</Filter>
    </CustomBuild>
    <CustomBuild Include="D:\TaoReiches\Third Party\protobuf\builds\CMakeFiles\1b8bd3f9e1b356c5be8844ac9b71dcce\examples-patch.rule">
      <Filter>CMake Rules</Filter>
    </CustomBuild>
    <CustomBuild Include="D:\TaoReiches\Third Party\protobuf\builds\CMakeFiles\1b8bd3f9e1b356c5be8844ac9b71dcce\examples-configure.rule">
      <Filter>CMake Rules</Filter>
    </CustomBuild>
    <CustomBuild Include="D:\TaoReiches\Third Party\protobuf\builds\CMakeFiles\1b8bd3f9e1b356c5be8844ac9b71dcce\examples-build.rule">
      <Filter>CMake Rules</Filter>
    </CustomBuild>
    <CustomBuild Include="D:\TaoReiches\Third Party\protobuf\builds\CMakeFiles\1b8bd3f9e1b356c5be8844ac9b71dcce\examples-install.rule">
      <Filter>CMake Rules</Filter>
    </CustomBuild>
    <CustomBuild Include="D:\TaoReiches\Third Party\protobuf\builds\CMakeFiles\ca2d60dfbaae444121aca2600c9fd6bb\examples-complete.rule">
      <Filter>CMake Rules</Filter>
    </CustomBuild>
    <CustomBuild Include="D:\TaoReiches\Third Party\protobuf\builds\CMakeFiles\0be6968f441d8a87ba3fb33e5cc45105\examples.rule">
      <Filter>CMake Rules</Filter>
    </CustomBuild>
    <CustomBuild Include="D:\TaoReiches\Third Party\protobuf\cmake\CMakeLists.txt" />
  </ItemGroup>
  <ItemGroup>
    <None Include="D:\TaoReiches\Third Party\protobuf\builds\CMakeFiles\examples" />
  </ItemGroup>
  <ItemGroup>
    <Filter Include="CMake Rules">
      <UniqueIdentifier>{2E1ED2F2-63F2-36BA-A3EB-769AB56134EF}</UniqueIdentifier>
    </Filter>
  </ItemGroup>
</Project>
