<?xml version="1.0" encoding="utf-8"?>
<Project ToolsVersion="16.0" xmlns="http://schemas.microsoft.com/developer/msbuild/2003">
  <ItemGroup>
    <ClCompile Include="D:\TaoReiches\Third Party\protobuf\third_party\googletest\googlemock\src\gmock-all.cc">
      <Filter>Source Files</Filter>
    </ClCompile>
    <ClCompile Include="D:\TaoReiches\Third Party\protobuf\third_party\googletest\googletest\src\gtest-all.cc">
      <Filter>Source Files</Filter>
    </ClCompile>
  </ItemGroup>
  <ItemGroup>
    <CustomBuild Include="D:\TaoReiches\Third Party\protobuf\cmake\CMakeLists.txt" />
  </ItemGroup>
  <ItemGroup>
    <Filter Include="Source Files">
      <UniqueIdentifier>{25B0F451-D2D8-339D-BCBF-B0995A776727}</UniqueIdentifier>
    </Filter>
  </ItemGroup>
</Project>
