
Microsoft Visual Studio Solution File, Format Version 12.00
# Visual Studio Version 16
Project("{8BC9CEB8-8B4A-11D0-8D11-00A0C91BC942}") = "ALL_BUILD", "ALL_BUILD.vcxproj", "{29942660-7AF7-334C-A462-68DB4E432FCF}"
	ProjectSection(ProjectDependencies) = postProject
		{6A21F7BE-FC31-369B-BB8E-34E2D8AC335D} = {6A21F7BE-FC31-369B-BB8E-34E2D8AC335D}
		{4B6FC244-B3E9-3967-8053-619B5498A659} = {4B6FC244-B3E9-3967-8053-619B5498A659}
		{E1CB4C0D-27EC-3C92-B584-E8A36EF8BB9F} = {E1CB4C0D-27EC-3C92-B584-E8A36EF8BB9F}
		{1C642452-52F3-3BC9-8EA8-5E0AFD54C1AE} = {1C642452-52F3-3BC9-8EA8-5E0AFD54C1AE}
		{B6E96ABD-118D-397F-8DBE-DCAD44595CCB} = {B6E96ABD-118D-397F-8DBE-DCAD44595CCB}
		{77B9C720-AC3B-376F-8F0A-EEC39BF202B9} = {77B9C720-AC3B-376F-8F0A-EEC39BF202B9}
		{96B8ECC8-AEB7-3FE4-BA25-F36007C8F8B9} = {96B8ECC8-AEB7-3FE4-BA25-F36007C8F8B9}
		{FA369FAA-5526-3FA4-888F-12D97296D6BC} = {FA369FAA-5526-3FA4-888F-12D97296D6BC}
		{EBC2BC1B-49F4-3C0C-B5BD-28902432E20B} = {EBC2BC1B-49F4-3C0C-B5BD-28902432E20B}
		{3C876844-124A-3FAE-AB34-3187F4B83B24} = {3C876844-124A-3FAE-AB34-3187F4B83B24}
		{06C78B64-612B-3EFC-A543-504E1D91C86A} = {06C78B64-612B-3EFC-A543-504E1D91C86A}
	EndProjectSection
EndProject
Project("{8BC9CEB8-8B4A-11D0-8D11-00A0C91BC942}") = "INSTALL", "INSTALL.vcxproj", "{21E65B6B-4CF3-363F-B7EE-165E318BB655}"
	ProjectSection(ProjectDependencies) = postProject
		{29942660-7AF7-334C-A462-68DB4E432FCF} = {29942660-7AF7-334C-A462-68DB4E432FCF}
		{6A21F7BE-FC31-369B-BB8E-34E2D8AC335D} = {6A21F7BE-FC31-369B-BB8E-34E2D8AC335D}
	EndProjectSection
EndProject
Project("{8BC9CEB8-8B4A-11D0-8D11-00A0C91BC942}") = "ZERO_CHECK", "ZERO_CHECK.vcxproj", "{6A21F7BE-FC31-369B-BB8E-34E2D8AC335D}"
	ProjectSection(ProjectDependencies) = postProject
	EndProjectSection
EndProject
Project("{8BC9CEB8-8B4A-11D0-8D11-00A0C91BC942}") = "check", "check.vcxproj", "{4F7A8FF2-E521-3CF1-8B9D-A42944DB0EBB}"
	ProjectSection(ProjectDependencies) = postProject
		{6A21F7BE-FC31-369B-BB8E-34E2D8AC335D} = {6A21F7BE-FC31-369B-BB8E-34E2D8AC335D}
		{3C876844-124A-3FAE-AB34-3187F4B83B24} = {3C876844-124A-3FAE-AB34-3187F4B83B24}
		{06C78B64-612B-3EFC-A543-504E1D91C86A} = {06C78B64-612B-3EFC-A543-504E1D91C86A}
	EndProjectSection
EndProject
Project("{8BC9CEB8-8B4A-11D0-8D11-00A0C91BC942}") = "examples", "examples.vcxproj", "{FFA75AC2-C26C-38F4-AD71-674836390D3A}"
	ProjectSection(ProjectDependencies) = postProject
		{6A21F7BE-FC31-369B-BB8E-34E2D8AC335D} = {6A21F7BE-FC31-369B-BB8E-34E2D8AC335D}
		{1C642452-52F3-3BC9-8EA8-5E0AFD54C1AE} = {1C642452-52F3-3BC9-8EA8-5E0AFD54C1AE}
		{EBC2BC1B-49F4-3C0C-B5BD-28902432E20B} = {EBC2BC1B-49F4-3C0C-B5BD-28902432E20B}
	EndProjectSection
EndProject
Project("{8BC9CEB8-8B4A-11D0-8D11-00A0C91BC942}") = "gmock", "gmock.vcxproj", "{4B6FC244-B3E9-3967-8053-619B5498A659}"
	ProjectSection(ProjectDependencies) = postProject
		{6A21F7BE-FC31-369B-BB8E-34E2D8AC335D} = {6A21F7BE-FC31-369B-BB8E-34E2D8AC335D}
	EndProjectSection
EndProject
Project("{8BC9CEB8-8B4A-11D0-8D11-00A0C91BC942}") = "gmock_main", "gmock_main.vcxproj", "{E1CB4C0D-27EC-3C92-B584-E8A36EF8BB9F}"
	ProjectSection(ProjectDependencies) = postProject
		{6A21F7BE-FC31-369B-BB8E-34E2D8AC335D} = {6A21F7BE-FC31-369B-BB8E-34E2D8AC335D}
		{4B6FC244-B3E9-3967-8053-619B5498A659} = {4B6FC244-B3E9-3967-8053-619B5498A659}
	EndProjectSection
EndProject
Project("{8BC9CEB8-8B4A-11D0-8D11-00A0C91BC942}") = "libprotobuf", "libprotobuf.vcxproj", "{1C642452-52F3-3BC9-8EA8-5E0AFD54C1AE}"
	ProjectSection(ProjectDependencies) = postProject
		{6A21F7BE-FC31-369B-BB8E-34E2D8AC335D} = {6A21F7BE-FC31-369B-BB8E-34E2D8AC335D}
	EndProjectSection
EndProject
Project("{8BC9CEB8-8B4A-11D0-8D11-00A0C91BC942}") = "libprotobuf-lite", "libprotobuf-lite.vcxproj", "{B6E96ABD-118D-397F-8DBE-DCAD44595CCB}"
	ProjectSection(ProjectDependencies) = postProject
		{6A21F7BE-FC31-369B-BB8E-34E2D8AC335D} = {6A21F7BE-FC31-369B-BB8E-34E2D8AC335D}
	EndProjectSection
EndProject
Project("{8BC9CEB8-8B4A-11D0-8D11-00A0C91BC942}") = "libprotoc", "libprotoc.vcxproj", "{77B9C720-AC3B-376F-8F0A-EEC39BF202B9}"
	ProjectSection(ProjectDependencies) = postProject
		{6A21F7BE-FC31-369B-BB8E-34E2D8AC335D} = {6A21F7BE-FC31-369B-BB8E-34E2D8AC335D}
		{1C642452-52F3-3BC9-8EA8-5E0AFD54C1AE} = {1C642452-52F3-3BC9-8EA8-5E0AFD54C1AE}
	EndProjectSection
EndProject
Project("{8BC9CEB8-8B4A-11D0-8D11-00A0C91BC942}") = "lite-arena-test", "lite-arena-test.vcxproj", "{96B8ECC8-AEB7-3FE4-BA25-F36007C8F8B9}"
	ProjectSection(ProjectDependencies) = postProject
		{6A21F7BE-FC31-369B-BB8E-34E2D8AC335D} = {6A21F7BE-FC31-369B-BB8E-34E2D8AC335D}
		{4B6FC244-B3E9-3967-8053-619B5498A659} = {4B6FC244-B3E9-3967-8053-619B5498A659}
		{E1CB4C0D-27EC-3C92-B584-E8A36EF8BB9F} = {E1CB4C0D-27EC-3C92-B584-E8A36EF8BB9F}
		{B6E96ABD-118D-397F-8DBE-DCAD44595CCB} = {B6E96ABD-118D-397F-8DBE-DCAD44595CCB}
		{EBC2BC1B-49F4-3C0C-B5BD-28902432E20B} = {EBC2BC1B-49F4-3C0C-B5BD-28902432E20B}
	EndProjectSection
EndProject
Project("{8BC9CEB8-8B4A-11D0-8D11-00A0C91BC942}") = "lite-test", "lite-test.vcxproj", "{FA369FAA-5526-3FA4-888F-12D97296D6BC}"
	ProjectSection(ProjectDependencies) = postProject
		{6A21F7BE-FC31-369B-BB8E-34E2D8AC335D} = {6A21F7BE-FC31-369B-BB8E-34E2D8AC335D}
		{4B6FC244-B3E9-3967-8053-619B5498A659} = {4B6FC244-B3E9-3967-8053-619B5498A659}
		{E1CB4C0D-27EC-3C92-B584-E8A36EF8BB9F} = {E1CB4C0D-27EC-3C92-B584-E8A36EF8BB9F}
		{B6E96ABD-118D-397F-8DBE-DCAD44595CCB} = {B6E96ABD-118D-397F-8DBE-DCAD44595CCB}
		{EBC2BC1B-49F4-3C0C-B5BD-28902432E20B} = {EBC2BC1B-49F4-3C0C-B5BD-28902432E20B}
	EndProjectSection
EndProject
Project("{8BC9CEB8-8B4A-11D0-8D11-00A0C91BC942}") = "protoc", "protoc.vcxproj", "{EBC2BC1B-49F4-3C0C-B5BD-28902432E20B}"
	ProjectSection(ProjectDependencies) = postProject
		{6A21F7BE-FC31-369B-BB8E-34E2D8AC335D} = {6A21F7BE-FC31-369B-BB8E-34E2D8AC335D}
		{1C642452-52F3-3BC9-8EA8-5E0AFD54C1AE} = {1C642452-52F3-3BC9-8EA8-5E0AFD54C1AE}
		{77B9C720-AC3B-376F-8F0A-EEC39BF202B9} = {77B9C720-AC3B-376F-8F0A-EEC39BF202B9}
	EndProjectSection
EndProject
Project("{8BC9CEB8-8B4A-11D0-8D11-00A0C91BC942}") = "test_plugin", "test_plugin.vcxproj", "{3C876844-124A-3FAE-AB34-3187F4B83B24}"
	ProjectSection(ProjectDependencies) = postProject
		{6A21F7BE-FC31-369B-BB8E-34E2D8AC335D} = {6A21F7BE-FC31-369B-BB8E-34E2D8AC335D}
		{4B6FC244-B3E9-3967-8053-619B5498A659} = {4B6FC244-B3E9-3967-8053-619B5498A659}
		{1C642452-52F3-3BC9-8EA8-5E0AFD54C1AE} = {1C642452-52F3-3BC9-8EA8-5E0AFD54C1AE}
		{77B9C720-AC3B-376F-8F0A-EEC39BF202B9} = {77B9C720-AC3B-376F-8F0A-EEC39BF202B9}
	EndProjectSection
EndProject
Project("{8BC9CEB8-8B4A-11D0-8D11-00A0C91BC942}") = "tests", "tests.vcxproj", "{06C78B64-612B-3EFC-A543-504E1D91C86A}"
	ProjectSection(ProjectDependencies) = postProject
		{6A21F7BE-FC31-369B-BB8E-34E2D8AC335D} = {6A21F7BE-FC31-369B-BB8E-34E2D8AC335D}
		{4B6FC244-B3E9-3967-8053-619B5498A659} = {4B6FC244-B3E9-3967-8053-619B5498A659}
		{E1CB4C0D-27EC-3C92-B584-E8A36EF8BB9F} = {E1CB4C0D-27EC-3C92-B584-E8A36EF8BB9F}
		{1C642452-52F3-3BC9-8EA8-5E0AFD54C1AE} = {1C642452-52F3-3BC9-8EA8-5E0AFD54C1AE}
		{77B9C720-AC3B-376F-8F0A-EEC39BF202B9} = {77B9C720-AC3B-376F-8F0A-EEC39BF202B9}
		{EBC2BC1B-49F4-3C0C-B5BD-28902432E20B} = {EBC2BC1B-49F4-3C0C-B5BD-28902432E20B}
	EndProjectSection
EndProject
Global
	GlobalSection(SolutionConfigurationPlatforms) = preSolution
		Debug|x64 = Debug|x64
		Release|x64 = Release|x64
		MinSizeRel|x64 = MinSizeRel|x64
		RelWithDebInfo|x64 = RelWithDebInfo|x64
	EndGlobalSection
	GlobalSection(ProjectConfigurationPlatforms) = postSolution
		{29942660-7AF7-334C-A462-68DB4E432FCF}.Debug|x64.ActiveCfg = Debug|x64
		{29942660-7AF7-334C-A462-68DB4E432FCF}.Debug|x64.Build.0 = Debug|x64
		{29942660-7AF7-334C-A462-68DB4E432FCF}.Release|x64.ActiveCfg = Release|x64
		{29942660-7AF7-334C-A462-68DB4E432FCF}.Release|x64.Build.0 = Release|x64
		{29942660-7AF7-334C-A462-68DB4E432FCF}.MinSizeRel|x64.ActiveCfg = MinSizeRel|x64
		{29942660-7AF7-334C-A462-68DB4E432FCF}.MinSizeRel|x64.Build.0 = MinSizeRel|x64
		{29942660-7AF7-334C-A462-68DB4E432FCF}.RelWithDebInfo|x64.ActiveCfg = RelWithDebInfo|x64
		{29942660-7AF7-334C-A462-68DB4E432FCF}.RelWithDebInfo|x64.Build.0 = RelWithDebInfo|x64
		{21E65B6B-4CF3-363F-B7EE-165E318BB655}.Debug|x64.ActiveCfg = Debug|x64
		{21E65B6B-4CF3-363F-B7EE-165E318BB655}.Release|x64.ActiveCfg = Release|x64
		{21E65B6B-4CF3-363F-B7EE-165E318BB655}.MinSizeRel|x64.ActiveCfg = MinSizeRel|x64
		{21E65B6B-4CF3-363F-B7EE-165E318BB655}.RelWithDebInfo|x64.ActiveCfg = RelWithDebInfo|x64
		{6A21F7BE-FC31-369B-BB8E-34E2D8AC335D}.Debug|x64.ActiveCfg = Debug|x64
		{6A21F7BE-FC31-369B-BB8E-34E2D8AC335D}.Debug|x64.Build.0 = Debug|x64
		{6A21F7BE-FC31-369B-BB8E-34E2D8AC335D}.Release|x64.ActiveCfg = Release|x64
		{6A21F7BE-FC31-369B-BB8E-34E2D8AC335D}.Release|x64.Build.0 = Release|x64
		{6A21F7BE-FC31-369B-BB8E-34E2D8AC335D}.MinSizeRel|x64.ActiveCfg = MinSizeRel|x64
		{6A21F7BE-FC31-369B-BB8E-34E2D8AC335D}.MinSizeRel|x64.Build.0 = MinSizeRel|x64
		{6A21F7BE-FC31-369B-BB8E-34E2D8AC335D}.RelWithDebInfo|x64.ActiveCfg = RelWithDebInfo|x64
		{6A21F7BE-FC31-369B-BB8E-34E2D8AC335D}.RelWithDebInfo|x64.Build.0 = RelWithDebInfo|x64
		{4F7A8FF2-E521-3CF1-8B9D-A42944DB0EBB}.Debug|x64.ActiveCfg = Debug|x64
		{4F7A8FF2-E521-3CF1-8B9D-A42944DB0EBB}.Release|x64.ActiveCfg = Release|x64
		{4F7A8FF2-E521-3CF1-8B9D-A42944DB0EBB}.MinSizeRel|x64.ActiveCfg = MinSizeRel|x64
		{4F7A8FF2-E521-3CF1-8B9D-A42944DB0EBB}.RelWithDebInfo|x64.ActiveCfg = RelWithDebInfo|x64
		{FFA75AC2-C26C-38F4-AD71-674836390D3A}.Debug|x64.ActiveCfg = Debug|x64
		{FFA75AC2-C26C-38F4-AD71-674836390D3A}.Release|x64.ActiveCfg = Release|x64
		{FFA75AC2-C26C-38F4-AD71-674836390D3A}.MinSizeRel|x64.ActiveCfg = MinSizeRel|x64
		{FFA75AC2-C26C-38F4-AD71-674836390D3A}.RelWithDebInfo|x64.ActiveCfg = RelWithDebInfo|x64
		{4B6FC244-B3E9-3967-8053-619B5498A659}.Debug|x64.ActiveCfg = Debug|x64
		{4B6FC244-B3E9-3967-8053-619B5498A659}.Debug|x64.Build.0 = Debug|x64
		{4B6FC244-B3E9-3967-8053-619B5498A659}.Release|x64.ActiveCfg = Release|x64
		{4B6FC244-B3E9-3967-8053-619B5498A659}.Release|x64.Build.0 = Release|x64
		{4B6FC244-B3E9-3967-8053-619B5498A659}.MinSizeRel|x64.ActiveCfg = MinSizeRel|x64
		{4B6FC244-B3E9-3967-8053-619B5498A659}.MinSizeRel|x64.Build.0 = MinSizeRel|x64
		{4B6FC244-B3E9-3967-8053-619B5498A659}.RelWithDebInfo|x64.ActiveCfg = RelWithDebInfo|x64
		{4B6FC244-B3E9-3967-8053-619B5498A659}.RelWithDebInfo|x64.Build.0 = RelWithDebInfo|x64
		{E1CB4C0D-27EC-3C92-B584-E8A36EF8BB9F}.Debug|x64.ActiveCfg = Debug|x64
		{E1CB4C0D-27EC-3C92-B584-E8A36EF8BB9F}.Debug|x64.Build.0 = Debug|x64
		{E1CB4C0D-27EC-3C92-B584-E8A36EF8BB9F}.Release|x64.ActiveCfg = Release|x64
		{E1CB4C0D-27EC-3C92-B584-E8A36EF8BB9F}.Release|x64.Build.0 = Release|x64
		{E1CB4C0D-27EC-3C92-B584-E8A36EF8BB9F}.MinSizeRel|x64.ActiveCfg = MinSizeRel|x64
		{E1CB4C0D-27EC-3C92-B584-E8A36EF8BB9F}.MinSizeRel|x64.Build.0 = MinSizeRel|x64
		{E1CB4C0D-27EC-3C92-B584-E8A36EF8BB9F}.RelWithDebInfo|x64.ActiveCfg = RelWithDebInfo|x64
		{E1CB4C0D-27EC-3C92-B584-E8A36EF8BB9F}.RelWithDebInfo|x64.Build.0 = RelWithDebInfo|x64
		{1C642452-52F3-3BC9-8EA8-5E0AFD54C1AE}.Debug|x64.ActiveCfg = Debug|x64
		{1C642452-52F3-3BC9-8EA8-5E0AFD54C1AE}.Debug|x64.Build.0 = Debug|x64
		{1C642452-52F3-3BC9-8EA8-5E0AFD54C1AE}.Release|x64.ActiveCfg = Release|x64
		{1C642452-52F3-3BC9-8EA8-5E0AFD54C1AE}.Release|x64.Build.0 = Release|x64
		{1C642452-52F3-3BC9-8EA8-5E0AFD54C1AE}.MinSizeRel|x64.ActiveCfg = MinSizeRel|x64
		{1C642452-52F3-3BC9-8EA8-5E0AFD54C1AE}.MinSizeRel|x64.Build.0 = MinSizeRel|x64
		{1C642452-52F3-3BC9-8EA8-5E0AFD54C1AE}.RelWithDebInfo|x64.ActiveCfg = RelWithDebInfo|x64
		{1C642452-52F3-3BC9-8EA8-5E0AFD54C1AE}.RelWithDebInfo|x64.Build.0 = RelWithDebInfo|x64
		{B6E96ABD-118D-397F-8DBE-DCAD44595CCB}.Debug|x64.ActiveCfg = Debug|x64
		{B6E96ABD-118D-397F-8DBE-DCAD44595CCB}.Debug|x64.Build.0 = Debug|x64
		{B6E96ABD-118D-397F-8DBE-DCAD44595CCB}.Release|x64.ActiveCfg = Release|x64
		{B6E96ABD-118D-397F-8DBE-DCAD44595CCB}.Release|x64.Build.0 = Release|x64
		{B6E96ABD-118D-397F-8DBE-DCAD44595CCB}.MinSizeRel|x64.ActiveCfg = MinSizeRel|x64
		{B6E96ABD-118D-397F-8DBE-DCAD44595CCB}.MinSizeRel|x64.Build.0 = MinSizeRel|x64
		{B6E96ABD-118D-397F-8DBE-DCAD44595CCB}.RelWithDebInfo|x64.ActiveCfg = RelWithDebInfo|x64
		{B6E96ABD-118D-397F-8DBE-DCAD44595CCB}.RelWithDebInfo|x64.Build.0 = RelWithDebInfo|x64
		{77B9C720-AC3B-376F-8F0A-EEC39BF202B9}.Debug|x64.ActiveCfg = Debug|x64
		{77B9C720-AC3B-376F-8F0A-EEC39BF202B9}.Debug|x64.Build.0 = Debug|x64
		{77B9C720-AC3B-376F-8F0A-EEC39BF202B9}.Release|x64.ActiveCfg = Release|x64
		{77B9C720-AC3B-376F-8F0A-EEC39BF202B9}.Release|x64.Build.0 = Release|x64
		{77B9C720-AC3B-376F-8F0A-EEC39BF202B9}.MinSizeRel|x64.ActiveCfg = MinSizeRel|x64
		{77B9C720-AC3B-376F-8F0A-EEC39BF202B9}.MinSizeRel|x64.Build.0 = MinSizeRel|x64
		{77B9C720-AC3B-376F-8F0A-EEC39BF202B9}.RelWithDebInfo|x64.ActiveCfg = RelWithDebInfo|x64
		{77B9C720-AC3B-376F-8F0A-EEC39BF202B9}.RelWithDebInfo|x64.Build.0 = RelWithDebInfo|x64
		{96B8ECC8-AEB7-3FE4-BA25-F36007C8F8B9}.Debug|x64.ActiveCfg = Debug|x64
		{96B8ECC8-AEB7-3FE4-BA25-F36007C8F8B9}.Debug|x64.Build.0 = Debug|x64
		{96B8ECC8-AEB7-3FE4-BA25-F36007C8F8B9}.Release|x64.ActiveCfg = Release|x64
		{96B8ECC8-AEB7-3FE4-BA25-F36007C8F8B9}.Release|x64.Build.0 = Release|x64
		{96B8ECC8-AEB7-3FE4-BA25-F36007C8F8B9}.MinSizeRel|x64.ActiveCfg = MinSizeRel|x64
		{96B8ECC8-AEB7-3FE4-BA25-F36007C8F8B9}.MinSizeRel|x64.Build.0 = MinSizeRel|x64
		{96B8ECC8-AEB7-3FE4-BA25-F36007C8F8B9}.RelWithDebInfo|x64.ActiveCfg = RelWithDebInfo|x64
		{96B8ECC8-AEB7-3FE4-BA25-F36007C8F8B9}.RelWithDebInfo|x64.Build.0 = RelWithDebInfo|x64
		{FA369FAA-5526-3FA4-888F-12D97296D6BC}.Debug|x64.ActiveCfg = Debug|x64
		{FA369FAA-5526-3FA4-888F-12D97296D6BC}.Debug|x64.Build.0 = Debug|x64
		{FA369FAA-5526-3FA4-888F-12D97296D6BC}.Release|x64.ActiveCfg = Release|x64
		{FA369FAA-5526-3FA4-888F-12D97296D6BC}.Release|x64.Build.0 = Release|x64
		{FA369FAA-5526-3FA4-888F-12D97296D6BC}.MinSizeRel|x64.ActiveCfg = MinSizeRel|x64
		{FA369FAA-5526-3FA4-888F-12D97296D6BC}.MinSizeRel|x64.Build.0 = MinSizeRel|x64
		{FA369FAA-5526-3FA4-888F-12D97296D6BC}.RelWithDebInfo|x64.ActiveCfg = RelWithDebInfo|x64
		{FA369FAA-5526-3FA4-888F-12D97296D6BC}.RelWithDebInfo|x64.Build.0 = RelWithDebInfo|x64
		{EBC2BC1B-49F4-3C0C-B5BD-28902432E20B}.Debug|x64.ActiveCfg = Debug|x64
		{EBC2BC1B-49F4-3C0C-B5BD-28902432E20B}.Debug|x64.Build.0 = Debug|x64
		{EBC2BC1B-49F4-3C0C-B5BD-28902432E20B}.Release|x64.ActiveCfg = Release|x64
		{EBC2BC1B-49F4-3C0C-B5BD-28902432E20B}.Release|x64.Build.0 = Release|x64
		{EBC2BC1B-49F4-3C0C-B5BD-28902432E20B}.MinSizeRel|x64.ActiveCfg = MinSizeRel|x64
		{EBC2BC1B-49F4-3C0C-B5BD-28902432E20B}.MinSizeRel|x64.Build.0 = MinSizeRel|x64
		{EBC2BC1B-49F4-3C0C-B5BD-28902432E20B}.RelWithDebInfo|x64.ActiveCfg = RelWithDebInfo|x64
		{EBC2BC1B-49F4-3C0C-B5BD-28902432E20B}.RelWithDebInfo|x64.Build.0 = RelWithDebInfo|x64
		{3C876844-124A-3FAE-AB34-3187F4B83B24}.Debug|x64.ActiveCfg = Debug|x64
		{3C876844-124A-3FAE-AB34-3187F4B83B24}.Debug|x64.Build.0 = Debug|x64
		{3C876844-124A-3FAE-AB34-3187F4B83B24}.Release|x64.ActiveCfg = Release|x64
		{3C876844-124A-3FAE-AB34-3187F4B83B24}.Release|x64.Build.0 = Release|x64
		{3C876844-124A-3FAE-AB34-3187F4B83B24}.MinSizeRel|x64.ActiveCfg = MinSizeRel|x64
		{3C876844-124A-3FAE-AB34-3187F4B83B24}.MinSizeRel|x64.Build.0 = MinSizeRel|x64
		{3C876844-124A-3FAE-AB34-3187F4B83B24}.RelWithDebInfo|x64.ActiveCfg = RelWithDebInfo|x64
		{3C876844-124A-3FAE-AB34-3187F4B83B24}.RelWithDebInfo|x64.Build.0 = RelWithDebInfo|x64
		{06C78B64-612B-3EFC-A543-504E1D91C86A}.Debug|x64.ActiveCfg = Debug|x64
		{06C78B64-612B-3EFC-A543-504E1D91C86A}.Debug|x64.Build.0 = Debug|x64
		{06C78B64-612B-3EFC-A543-504E1D91C86A}.Release|x64.ActiveCfg = Release|x64
		{06C78B64-612B-3EFC-A543-504E1D91C86A}.Release|x64.Build.0 = Release|x64
		{06C78B64-612B-3EFC-A543-504E1D91C86A}.MinSizeRel|x64.ActiveCfg = MinSizeRel|x64
		{06C78B64-612B-3EFC-A543-504E1D91C86A}.MinSizeRel|x64.Build.0 = MinSizeRel|x64
		{06C78B64-612B-3EFC-A543-504E1D91C86A}.RelWithDebInfo|x64.ActiveCfg = RelWithDebInfo|x64
		{06C78B64-612B-3EFC-A543-504E1D91C86A}.RelWithDebInfo|x64.Build.0 = RelWithDebInfo|x64
	EndGlobalSection
	GlobalSection(ExtensibilityGlobals) = postSolution
		SolutionGuid = {F3DDC94D-C2E0-3003-9F03-8554FB8AC73E}
	EndGlobalSection
	GlobalSection(ExtensibilityAddIns) = postSolution
	EndGlobalSection
EndGlobal
