<?xml version="1.0" encoding="utf-8"?>
<Project ToolsVersion="16.0" xmlns="http://schemas.microsoft.com/developer/msbuild/2003">
  <ItemGroup>
    <CustomBuild Include="D:\TaoReiches\Third Party\protobuf\builds\CMakeFiles\0be6968f441d8a87ba3fb33e5cc45105\generate.stamp.rule">
      <Filter>CMake Rules</Filter>
    </CustomBuild>
  </ItemGroup>
  <ItemGroup>
    <Filter Include="CMake Rules">
      <UniqueIdentifier>{2E1ED2F2-63F2-36BA-A3EB-769AB56134EF}</UniqueIdentifier>
    </Filter>
  </ItemGroup>
</Project>
