<?xml version="1.0" encoding="utf-8"?>
<Project ToolsVersion="4.0" xmlns="http://schemas.microsoft.com/developer/msbuild/2003">
  <ItemGroup>
    <Filter Include="PathFinder">
      <UniqueIdentifier>{c3483aa5-d9ab-4cf8-a02e-4b4fbd60f8cf}</UniqueIdentifier>
    </Filter>
    <Filter Include="MemoryPool">
      <UniqueIdentifier>{4d4aaaaa-d9be-40a4-87bd-97f1b7681f80}</UniqueIdentifier>
    </Filter>
    <Filter Include="Random">
      <UniqueIdentifier>{0ca82ee3-8b94-4c57-adb0-27ea6672527e}</UniqueIdentifier>
    </Filter>
    <Filter Include="Trigger">
      <UniqueIdentifier>{91795e35-56eb-4f00-b742-eba0b5088df4}</UniqueIdentifier>
    </Filter>
    <Filter Include="Utilities">
      <UniqueIdentifier>{a65892fb-ebc8-4460-b419-d04c6d41af13}</UniqueIdentifier>
    </Filter>
  </ItemGroup>
  <ItemGroup>
    <ClInclude Include="include\TW_Pos2.h">
      <Filter>PathFinder</Filter>
    </ClInclude>
    <ClInclude Include="include\TW_MapDefine.h">
      <Filter>PathFinder</Filter>
    </ClInclude>
    <ClInclude Include="include\TW_IPathFinder.h">
      <Filter>PathFinder</Filter>
    </ClInclude>
    <ClInclude Include="source\TW_PathFinder.h">
      <Filter>PathFinder</Filter>
    </ClInclude>
    <ClInclude Include="source\TW_PathFinderFormular.h">
      <Filter>PathFinder</Filter>
    </ClInclude>
    <ClInclude Include="include\TW_MemoryPool.h">
      <Filter>MemoryPool</Filter>
    </ClInclude>
    <ClInclude Include="include\TW_IRandom.h">
      <Filter>Random</Filter>
    </ClInclude>
    <ClInclude Include="source\TW_Random.h">
      <Filter>Random</Filter>
    </ClInclude>
    <ClInclude Include="include\TW_TriggerMgr.h">
      <Filter>Trigger</Filter>
    </ClInclude>
    <ClInclude Include="source\TW_Switch.h">
      <Filter>Trigger</Filter>
    </ClInclude>
    <ClInclude Include="source\TW_TriggerMgrDef.h">
      <Filter>Trigger</Filter>
    </ClInclude>
    <ClInclude Include="source\TW_Trigger.h">
      <Filter>Trigger</Filter>
    </ClInclude>
    <ClInclude Include="include\TW_PointerType.h">
      <Filter>Utilities</Filter>
    </ClInclude>
    <ClInclude Include="include\TW_BitmaskEnum.h">
      <Filter>Utilities</Filter>
    </ClInclude>
  </ItemGroup>
  <ItemGroup>
    <ClCompile Include="source\TW_PathFinderFormular.cpp">
      <Filter>PathFinder</Filter>
    </ClCompile>
    <ClCompile Include="source\TW_PathFinder.cpp">
      <Filter>PathFinder</Filter>
    </ClCompile>
    <ClCompile Include="source\TW_Random.cpp">
      <Filter>Random</Filter>
    </ClCompile>
    <ClCompile Include="source\TW_TriggerParam.cpp">
      <Filter>Trigger</Filter>
    </ClCompile>
    <ClCompile Include="source\TW_Trigger.cpp">
      <Filter>Trigger</Filter>
    </ClCompile>
    <ClCompile Include="source\TW_TriggerMgr.cpp">
      <Filter>Trigger</Filter>
    </ClCompile>
  </ItemGroup>
</Project>