<?xml version="1.0" encoding="utf-8"?>
<Project ToolsVersion="4.0" xmlns="http://schemas.microsoft.com/developer/msbuild/2003">
  <ItemGroup>
    <Filter Include="PathFinder">
      <UniqueIdentifier>{c3483aa5-d9ab-4cf8-a02e-4b4fbd60f8cf}</UniqueIdentifier>
    </Filter>
    <Filter Include="MemoryPool">
      <UniqueIdentifier>{4d4aaaaa-d9be-40a4-87bd-97f1b7681f80}</UniqueIdentifier>
    </Filter>
    <Filter Include="Lock">
      <UniqueIdentifier>{219489eb-30b8-4224-9b7f-ec54d1e7073a}</UniqueIdentifier>
    </Filter>
    <Filter Include="Define">
      <UniqueIdentifier>{033ccec3-e253-4244-bd96-b6cb51c26adf}</UniqueIdentifier>
    </Filter>
  </ItemGroup>
  <ItemGroup>
    <ClInclude Include="include\TW_Pos2.h">
      <Filter>PathFinder</Filter>
    </ClInclude>
    <ClInclude Include="include\TW_MapDefine.h">
      <Filter>PathFinder</Filter>
    </ClInclude>
    <ClInclude Include="include\TW_IPathFinder.h">
      <Filter>PathFinder</Filter>
    </ClInclude>
    <ClInclude Include="source\TW_PathFinder.h">
      <Filter>PathFinder</Filter>
    </ClInclude>
    <ClInclude Include="source\TW_PathFinderFormular.h">
      <Filter>PathFinder</Filter>
    </ClInclude>
    <ClInclude Include="include\TW_MemoryPool.h">
      <Filter>MemoryPool</Filter>
    </ClInclude>
    <ClInclude Include="include\TW_Lock.h">
      <Filter>Lock</Filter>
    </ClInclude>
    <ClInclude Include="include\TW_Define.h">
      <Filter>Define</Filter>
    </ClInclude>
  </ItemGroup>
  <ItemGroup>
    <ClCompile Include="source\TW_PathFinderFormular.cpp">
      <Filter>PathFinder</Filter>
    </ClCompile>
    <ClCompile Include="source\TW_PathFinder.cpp">
      <Filter>PathFinder</Filter>
    </ClCompile>
    <ClCompile Include="source\TW_MemoryPool.cpp">
      <Filter>MemoryPool</Filter>
    </ClCompile>
  </ItemGroup>
</Project>