<?xml version="1.0" encoding="utf-8"?>
<Project ToolsVersion="4.0" xmlns="http://schemas.microsoft.com/developer/msbuild/2003">
  <ItemGroup>
    <Filter Include="LogicCarry">
      <UniqueIdentifier>{4da57a9d-e78f-4e9a-bfd6-8b2940b3cea2}</UniqueIdentifier>
    </Filter>
    <Filter Include="LogicCarry\Base">
      <UniqueIdentifier>{a618f57d-3469-49e5-a610-b78a3dcf4447}</UniqueIdentifier>
    </Filter>
    <Filter Include="Utilities">
      <UniqueIdentifier>{89d3f393-0d3e-442f-ba63-1a28d062c8c7}</UniqueIdentifier>
    </Filter>
    <Filter Include="LogicMain">
      <UniqueIdentifier>{c994b787-2c99-4efe-b552-64b04a42b258}</UniqueIdentifier>
    </Filter>
    <Filter Include="LogicCarry\Buff">
      <UniqueIdentifier>{01807057-ca9a-41ba-b31c-590146a09d81}</UniqueIdentifier>
    </Filter>
    <Filter Include="LogicCarry\Item">
      <UniqueIdentifier>{f8d26ac2-60cd-497c-992f-921d02cf014b}</UniqueIdentifier>
    </Filter>
    <Filter Include="LogicCarry\Skill">
      <UniqueIdentifier>{23b58abe-ffd2-4e42-9c4f-43628689285b}</UniqueIdentifier>
    </Filter>
    <Filter Include="LogicEntity">
      <UniqueIdentifier>{d24391a1-f106-4043-81e2-0e3a44f6802a}</UniqueIdentifier>
    </Filter>
    <Filter Include="LogicEntity\Base">
      <UniqueIdentifier>{78e29875-2ada-40fa-bb5f-1cf03b038769}</UniqueIdentifier>
    </Filter>
    <Filter Include="LogicEntity\Effect">
      <UniqueIdentifier>{d6cee5aa-d47c-4ca5-b1fa-91b8c5e3a48d}</UniqueIdentifier>
    </Filter>
    <Filter Include="LogicEntity\MapItem">
      <UniqueIdentifier>{54e9e634-a2b2-4797-85ed-ee8059054d9d}</UniqueIdentifier>
    </Filter>
    <Filter Include="LogicEntity\Unit">
      <UniqueIdentifier>{9ad355dd-eb96-472e-a8f2-327f19966fe8}</UniqueIdentifier>
    </Filter>
    <Filter Include="Formula">
      <UniqueIdentifier>{359116bf-5e6d-4ecc-90a0-9b37f2f0ab30}</UniqueIdentifier>
    </Filter>
    <Filter Include="LogicMap">
      <UniqueIdentifier>{62a7cec1-ba5d-4a4a-b30d-8876bf592686}</UniqueIdentifier>
    </Filter>
    <Filter Include="LogicTask">
      <UniqueIdentifier>{e9a00168-e858-4195-910e-ab7b377ffcc8}</UniqueIdentifier>
    </Filter>
    <Filter Include="Protocol">
      <UniqueIdentifier>{157c0b05-4375-4ca3-a53b-f71f61e9959e}</UniqueIdentifier>
    </Filter>
  </ItemGroup>
  <ItemGroup>
    <ClInclude Include="TW_AttackAttr.h">
      <Filter>LogicCarry\Base</Filter>
    </ClInclude>
    <ClInclude Include="TW_FlagObject.h">
      <Filter>Utilities</Filter>
    </ClInclude>
    <ClInclude Include="TW_AttackedAttr.h">
      <Filter>LogicCarry\Base</Filter>
    </ClInclude>
    <ClInclude Include="TW_Carry.h">
      <Filter>LogicCarry\Base</Filter>
    </ClInclude>
    <ClInclude Include="TW_CarryDefine.h">
      <Filter>LogicCarry\Base</Filter>
    </ClInclude>
    <ClInclude Include="TW_ChangeFlagObject.h">
      <Filter>Utilities</Filter>
    </ClInclude>
    <ClInclude Include="TW_LogicBase.h">
      <Filter>Utilities</Filter>
    </ClInclude>
    <ClInclude Include="TW_Main.h">
      <Filter>LogicMain</Filter>
    </ClInclude>
    <ClInclude Include="TW_BuffDefine.h">
      <Filter>LogicCarry\Buff</Filter>
    </ClInclude>
    <ClInclude Include="TW_Buff.h">
      <Filter>LogicCarry\Buff</Filter>
    </ClInclude>
    <ClInclude Include="TW_ItemDefine.h">
      <Filter>LogicCarry\Item</Filter>
    </ClInclude>
    <ClInclude Include="TW_Item.h">
      <Filter>LogicCarry\Item</Filter>
    </ClInclude>
    <ClInclude Include="TW_SkillDefine.h">
      <Filter>LogicCarry\Skill</Filter>
    </ClInclude>
    <ClInclude Include="TW_Skill.h">
      <Filter>LogicCarry\Skill</Filter>
    </ClInclude>
    <ClInclude Include="TW_Entity.h">
      <Filter>LogicEntity\Base</Filter>
    </ClInclude>
    <ClInclude Include="TW_EntityMgr.h">
      <Filter>LogicEntity\Base</Filter>
    </ClInclude>
    <ClInclude Include="TW_Functions.h">
      <Filter>Utilities</Filter>
    </ClInclude>
    <ClInclude Include="TW_EffectDefine.h">
      <Filter>LogicEntity\Effect</Filter>
    </ClInclude>
    <ClInclude Include="TW_Effect.h">
      <Filter>LogicEntity\Effect</Filter>
    </ClInclude>
    <ClInclude Include="TW_EffectMgr.h">
      <Filter>LogicEntity\Effect</Filter>
    </ClInclude>
    <ClInclude Include="TW_MapItemDefine.h">
      <Filter>LogicEntity\MapItem</Filter>
    </ClInclude>
    <ClInclude Include="TW_MapItem.h">
      <Filter>LogicEntity\MapItem</Filter>
    </ClInclude>
    <ClInclude Include="TW_MapItemMgr.h">
      <Filter>LogicEntity\MapItem</Filter>
    </ClInclude>
    <ClInclude Include="TW_UnitDefine.h">
      <Filter>LogicEntity\Unit</Filter>
    </ClInclude>
    <ClInclude Include="TW_Unit.h">
      <Filter>LogicEntity\Unit</Filter>
    </ClInclude>
    <ClInclude Include="TW_UnitMgr.h">
      <Filter>LogicEntity\Unit</Filter>
    </ClInclude>
    <ClInclude Include="TW_UserDataDefine.h">
      <Filter>LogicEntity\Unit</Filter>
    </ClInclude>
    <ClInclude Include="TW_TriggerEvent.h">
      <Filter>LogicMain</Filter>
    </ClInclude>
    <ClInclude Include="TW_Formula.h">
      <Filter>Formula</Filter>
    </ClInclude>
    <ClInclude Include="TW_FormulaInfo.h">
      <Filter>Formula</Filter>
    </ClInclude>
    <ClInclude Include="TW_SortStruct.h">
      <Filter>LogicMain</Filter>
    </ClInclude>
    <ClInclude Include="TW_MainDefine.h">
      <Filter>LogicMain</Filter>
    </ClInclude>
    <ClInclude Include="TW_Map.h">
      <Filter>LogicMap</Filter>
    </ClInclude>
    <ClInclude Include="TW_Command.h">
      <Filter>LogicTask</Filter>
    </ClInclude>
    <ClInclude Include="TW_Commander.h">
      <Filter>LogicTask</Filter>
    </ClInclude>
    <ClInclude Include="TW_PlayerInfo.h">
      <Filter>LogicMain</Filter>
    </ClInclude>
    <ClInclude Include="TW_BattleCmd.h">
      <Filter>Protocol</Filter>
    </ClInclude>
    <ClInclude Include="TW_ShareUnitData.h">
      <Filter>Protocol</Filter>
    </ClInclude>
    <ClInclude Include="TW_MemoryObject.h">
      <Filter>Utilities</Filter>
    </ClInclude>
    <ClInclude Include="TW_Task.h">
      <Filter>LogicTask</Filter>
    </ClInclude>
    <ClInclude Include="TW_TaskActionStand.h">
      <Filter>LogicTask</Filter>
    </ClInclude>
    <ClInclude Include="TW_TaskActionWalk.h">
      <Filter>LogicTask</Filter>
    </ClInclude>
    <ClInclude Include="TW_TaskActionAttack.h">
      <Filter>LogicTask</Filter>
    </ClInclude>
    <ClInclude Include="TW_TaskActionSpell.h">
      <Filter>LogicTask</Filter>
    </ClInclude>
    <ClInclude Include="TW_TaskActionDeath.h">
      <Filter>LogicTask</Filter>
    </ClInclude>
    <ClInclude Include="TW_TaskMoveToPos.h">
      <Filter>LogicTask</Filter>
    </ClInclude>
    <ClInclude Include="TW_TaskAttackUnit.h">
      <Filter>LogicTask</Filter>
    </ClInclude>
    <ClInclude Include="TW_TaskMoveToUnit.h">
      <Filter>LogicTask</Filter>
    </ClInclude>
    <ClInclude Include="TW_TaskAttackToPos.h">
      <Filter>LogicTask</Filter>
    </ClInclude>
    <ClInclude Include="TW_TaskAttackItem.h">
      <Filter>LogicTask</Filter>
    </ClInclude>
    <ClInclude Include="TW_CommandExe.h">
      <Filter>LogicTask</Filter>
    </ClInclude>
    <ClInclude Include="TW_CommandStop.h">
      <Filter>LogicTask</Filter>
    </ClInclude>
    <ClInclude Include="TW_CommandMove.h">
      <Filter>LogicTask</Filter>
    </ClInclude>
    <ClInclude Include="TW_CommandAttack.h">
      <Filter>LogicTask</Filter>
    </ClInclude>
    <ClInclude Include="TW_CommandSpell.h">
      <Filter>LogicTask</Filter>
    </ClInclude>
    <ClInclude Include="TW_CommandDropItem.h">
      <Filter>LogicTask</Filter>
    </ClInclude>
    <ClInclude Include="TW_CommandPickItem.h">
      <Filter>LogicTask</Filter>
    </ClInclude>
    <ClInclude Include="TW_CarrySkill.h">
      <Filter>LogicCarry\Item</Filter>
    </ClInclude>
    <ClInclude Include="TW_Equip.h">
      <Filter>LogicCarry\Item</Filter>
    </ClInclude>
    <ClInclude Include="TW_EffectData.h">
      <Filter>LogicEntity\Effect</Filter>
    </ClInclude>
    <ClInclude Include="TW_ChainEffectData.h">
      <Filter>LogicEntity\Effect</Filter>
    </ClInclude>
    <ClInclude Include="TW_StickEffectData.h">
      <Filter>LogicEntity\Effect</Filter>
    </ClInclude>
    <ClInclude Include="TW_FontEffectData.h">
      <Filter>LogicEntity\Effect</Filter>
    </ClInclude>
    <ClInclude Include="TW_EffectBumpCount.h">
      <Filter>LogicEntity\Effect</Filter>
    </ClInclude>
    <ClInclude Include="TW_UnitDataDefine.h">
      <Filter>LogicEntity\Unit</Filter>
    </ClInclude>
    <ClInclude Include="TW_UnitData.h">
      <Filter>LogicEntity\Unit</Filter>
    </ClInclude>
    <ClInclude Include="TW_UnitLearnSkillData.h">
      <Filter>LogicEntity\Unit</Filter>
    </ClInclude>
    <ClInclude Include="TW_UnitBase.h">
      <Filter>LogicEntity\Unit</Filter>
    </ClInclude>
    <ClInclude Include="TW_UnitCarry.h">
      <Filter>LogicEntity\Unit</Filter>
    </ClInclude>
  </ItemGroup>
  <ItemGroup>
    <ClCompile Include="TW_Carry.cpp">
      <Filter>LogicCarry\Base</Filter>
    </ClCompile>
    <ClCompile Include="TW_Buff.cpp">
      <Filter>LogicCarry\Buff</Filter>
    </ClCompile>
    <ClCompile Include="TW_Item.cpp">
      <Filter>LogicCarry\Item</Filter>
    </ClCompile>
    <ClCompile Include="TW_Skill.cpp">
      <Filter>LogicCarry\Skill</Filter>
    </ClCompile>
    <ClCompile Include="TW_Entity.cpp">
      <Filter>LogicEntity\Base</Filter>
    </ClCompile>
    <ClCompile Include="TW_EntityMgr.cpp">
      <Filter>LogicEntity\Base</Filter>
    </ClCompile>
    <ClCompile Include="TW_Functions.cpp">
      <Filter>Utilities</Filter>
    </ClCompile>
    <ClCompile Include="TW_Effect.cpp">
      <Filter>LogicEntity\Effect</Filter>
    </ClCompile>
    <ClCompile Include="TW_EffectMgr.cpp">
      <Filter>LogicEntity\Effect</Filter>
    </ClCompile>
    <ClCompile Include="TW_MapItem.cpp">
      <Filter>LogicEntity\MapItem</Filter>
    </ClCompile>
    <ClCompile Include="TW_MapItemMgr.cpp">
      <Filter>LogicEntity\MapItem</Filter>
    </ClCompile>
    <ClCompile Include="TW_Unit.cpp">
      <Filter>LogicEntity\Unit</Filter>
    </ClCompile>
    <ClCompile Include="TW_UnitData.cpp">
      <Filter>LogicEntity\Unit</Filter>
    </ClCompile>
    <ClCompile Include="TW_UnitCarry.cpp">
      <Filter>LogicEntity\Unit</Filter>
    </ClCompile>
    <ClCompile Include="TW_UnitMgr.cpp">
      <Filter>LogicEntity\Unit</Filter>
    </ClCompile>
    <ClCompile Include="TW_UnitMgrDefine.h">
      <Filter>LogicEntity\Unit</Filter>
    </ClCompile>
    <ClCompile Include="TW_TriggerFunc.cpp">
      <Filter>LogicMain</Filter>
    </ClCompile>
    <ClCompile Include="TW_Formula.cpp">
      <Filter>Formula</Filter>
    </ClCompile>
    <ClCompile Include="TW_FormulaInfo.cpp">
      <Filter>Formula</Filter>
    </ClCompile>
    <ClCompile Include="TW_Main.cpp">
      <Filter>LogicMain</Filter>
    </ClCompile>
    <ClCompile Include="TW_MainCommand.cpp">
      <Filter>LogicMain</Filter>
    </ClCompile>
    <ClCompile Include="TW_MainFrameProc.cpp">
      <Filter>LogicMain</Filter>
    </ClCompile>
    <ClCompile Include="TW_MainOut.cpp">
      <Filter>LogicMain</Filter>
    </ClCompile>
    <ClCompile Include="TW_MainRace.cpp">
      <Filter>LogicMain</Filter>
    </ClCompile>
    <ClCompile Include="TW_Map.cpp">
      <Filter>LogicMap</Filter>
    </ClCompile>
    <ClCompile Include="TW_Commander.cpp">
      <Filter>LogicTask</Filter>
    </ClCompile>
    <ClCompile Include="TW_MemoryObject.cpp">
      <Filter>Utilities</Filter>
    </ClCompile>
    <ClCompile Include="TW_Task.cpp">
      <Filter>LogicTask</Filter>
    </ClCompile>
    <ClCompile Include="TW_TaskActionStand.cpp">
      <Filter>LogicTask</Filter>
    </ClCompile>
    <ClCompile Include="TW_TaskActionAttack.cpp">
      <Filter>LogicTask</Filter>
    </ClCompile>
    <ClCompile Include="TW_TaskActionWalk.cpp">
      <Filter>LogicTask</Filter>
    </ClCompile>
    <ClCompile Include="TW_TaskActionSpell.cpp">
      <Filter>LogicTask</Filter>
    </ClCompile>
    <ClCompile Include="TW_TaskActionDeath.cpp">
      <Filter>LogicTask</Filter>
    </ClCompile>
    <ClCompile Include="TW_TaskMoveToPos.cpp">
      <Filter>LogicTask</Filter>
    </ClCompile>
    <ClCompile Include="TW_TaskMoveToUnit.cpp">
      <Filter>LogicTask</Filter>
    </ClCompile>
    <ClCompile Include="TW_TaskAttackUnit.cpp">
      <Filter>LogicTask</Filter>
    </ClCompile>
    <ClCompile Include="TW_TaskAttackToPos.cpp">
      <Filter>LogicTask</Filter>
    </ClCompile>
    <ClCompile Include="TW_TaskAttackItem.cpp">
      <Filter>LogicTask</Filter>
    </ClCompile>
    <ClCompile Include="TW_CommandExe.cpp">
      <Filter>LogicTask</Filter>
    </ClCompile>
    <ClCompile Include="TW_CommandStop.cpp">
      <Filter>LogicTask</Filter>
    </ClCompile>
    <ClCompile Include="TW_CommandMove.cpp">
      <Filter>LogicTask</Filter>
    </ClCompile>
    <ClCompile Include="TW_CommandAttack.cpp">
      <Filter>LogicTask</Filter>
    </ClCompile>
    <ClCompile Include="TW_CommandSpell.cpp">
      <Filter>LogicTask</Filter>
    </ClCompile>
    <ClCompile Include="TW_CommandDropItem.cpp">
      <Filter>LogicTask</Filter>
    </ClCompile>
    <ClCompile Include="TW_CommandPickItem.cpp">
      <Filter>LogicTask</Filter>
    </ClCompile>
    <ClCompile Include="TW_CarrySkill.cpp">
      <Filter>LogicCarry\Item</Filter>
    </ClCompile>
    <ClCompile Include="TW_Equip.cpp">
      <Filter>LogicCarry\Item</Filter>
    </ClCompile>
    <ClCompile Include="TW_UnitDataDefine.cpp">
      <Filter>LogicEntity\Unit</Filter>
    </ClCompile>
    <ClCompile Include="TW_UnitBase.cpp">
      <Filter>LogicEntity\Unit</Filter>
    </ClCompile>
  </ItemGroup>
</Project>